
Microsoft Visual Studio Solution File, Format Version 11.00
# Visual Studio 2010
Project("{FAE04EC0-301F-11D3-BF4B-00C04F79EFBC}") = "ArkanoidBreak", "Assembly-CSharp.csproj", "{DF104EF2-E693-3417-2154-AF62346C28D9}"
EndProject
Global
	GlobalSection(SolutionConfigurationPlatforms) = preSolution
		Debug|Any CPU = Debug|Any CPU
		Release|Any CPU = Release|Any CPU
	EndGlobalSection
	GlobalSection(ProjectConfigurationPlatforms) = postSolution
		{DF104EF2-E693-3417-2154-AF62346C28D9}.Debug|Any CPU.ActiveCfg = Debug|Any CPU
		{DF104EF2-E693-3417-2154-AF62346C28D9}.Debug|Any CPU.Build.0 = Debug|Any CPU
		{DF104EF2-E693-3417-2154-AF62346C28D9}.Release|Any CPU.ActiveCfg = Release|Any CPU
		{DF104EF2-E693-3417-2154-AF62346C28D9}.Release|Any CPU.Build.0 = Release|Any CPU
	EndGlobalSection
	GlobalSection(SolutionProperties) = preSolution
		HideSolutionNode = FALSE
	EndGlobalSection
	GlobalSection(MonoDevelopProperties) = preSolution
		StartupItem = Assembly-CSharp.csproj
	EndGlobalSection
EndGlobal
